// !$*UTF8*$!
{
	archiveVersion = 1;
	classes = {
	};
	objectVersion = 46;
	objects = {

/* Begin PBXBuildFile section */
		C0E784CF1BB49A9900AE49DF /* main.m in Sources */ = {isa = PBXBuildFile; fileRef = C0E784CE1BB49A9900AE49DF /* main.m */; };
		C0E784D21BB49A9900AE49DF /* AppDelegate.m in Sources */ = {isa = PBXBuildFile; fileRef = C0E784D11BB49A9900AE49DF /* AppDelegate.m */; };
		C0E784D51BB49A9900AE49DF /* FirstViewController.m in Sources */ = {isa = PBXBuildFile; fileRef = C0E784D41BB49A9900AE49DF /* FirstViewController.m */; };
		C0E784D81BB49A9900AE49DF /* SecondViewController.m in Sources */ = {isa = PBXBuildFile; fileRef = C0E784D71BB49A9900AE49DF /* SecondViewController.m */; };
		C0E784DB1BB49A9900AE49DF /* Main.storyboard in Resources */ = {isa = PBXBuildFile; fileRef = C0E784D91BB49A9900AE49DF /* Main.storyboard */; };
		C0E784DD1BB49A9900AE49DF /* Assets.xcassets in Resources */ = {isa = PBXBuildFile; fileRef = C0E784DC1BB49A9900AE49DF /* Assets.xcassets */; };
		C0E784E01BB49A9900AE49DF /* LaunchScreen.storyboard in Resources */ = {isa = PBXBuildFile; fileRef = C0E784DE1BB49A9900AE49DF /* LaunchScreen.storyboard */; };
/* End PBXBuildFile section */

/* Begin PBXFileReference section */
		C0E784CA1BB49A9900AE49DF /* TVscope.app */ = {isa = PBXFileReference; explicitFileType = wrapper.application; includeInIndex = 0; path = TVscope.app; sourceTree = BUILT_PRODUCTS_DIR; };
		C0E784CE1BB49A9900AE49DF /* main.m */ = {isa = PBXFileReference; lastKnownFileType = sourcecode.c.objc; path = main.m; sourceTree = "<group>"; };
		C0E784D01BB49A9900AE49DF /* AppDelegate.h */ = {isa = PBXFileReference; lastKnownFileType = sourcecode.c.h; path = AppDelegate.h; sourceTree = "<group>"; };
		C0E784D11BB49A9900AE49DF /* AppDelegate.m */ = {isa = PBXFileReference; lastKnownFileType = sourcecode.c.objc; path = AppDelegate.m; sourceTree = "<group>"; };
		C0E784D31BB49A9900AE49DF /* FirstViewController.h */ = {isa = PBXFileReference; lastKnownFileType = sourcecode.c.h; path = FirstViewController.h; sourceTree = "<group>"; };
		C0E784D41BB49A9900AE49DF /* FirstViewController.m */ = {isa = PBXFileReference; lastKnownFileType = sourcecode.c.objc; path = FirstViewController.m; sourceTree = "<group>"; };
		C0E784D61BB49A9900AE49DF /* SecondViewController.h */ = {isa = PBXFileReference; lastKnownFileType = sourcecode.c.h; path = SecondViewController.h; sourceTree = "<group>"; };
		C0E784D71BB49A9900AE49DF /* SecondViewController.m */ = {isa = PBXFileReference; lastKnownFileType = sourcecode.c.objc; path = SecondViewController.m; sourceTree = "<group>"; };
		C0E784DA1BB49A9900AE49DF /* Base */ = {isa = PBXFileReference; lastKnownFileType = file.storyboard; name = Base; path = Base.lproj/Main.storyboard; sourceTree = "<group>"; };
		C0E784DC1BB49A9900AE49DF /* Assets.xcassets */ = {isa = PBXFileReference; lastKnownFileType = folder.assetcatalog; path = Assets.xcassets; sourceTree = "<group>"; };
		C0E784DF1BB49A9900AE49DF /* Base */ = {isa = PBXFileReference; lastKnownFileType = file.storyboard; name = Base; path = Base.lproj/LaunchScreen.storyboard; sourceTree = "<group>"; };
		C0E784E11BB49A9900AE49DF /* Info.plist */ = {isa = PBXFileReference; lastKnownFileType = text.plist.xml; path = Info.plist; sourceTree = "<group>"; };
/* End PBXFileReference section */

/* Begin PBXFrameworksBuildPhase section */
		C0E784C71BB49A9900AE49DF /* Frameworks */ = {
			isa = PBXFrameworksBuildPhase;
			buildActionMask = 2147483647;
			files = (
			);
			runOnlyForDeploymentPostprocessing = 0;
		};
/* End PBXFrameworksBuildPhase section */

/* Begin PBXGroup section */
		C0E784C11BB49A9900AE49DF = {
			isa = PBXGroup;
			children = (
				C0E784CC1BB49A9900AE49DF /* TVscope */,
				C0E784CB1BB49A9900AE49DF /* Products */,
			);
			sourceTree = "<group>";
		};
		C0E784CB1BB49A9900AE49DF /* Products */ = {
			isa = PBXGroup;
			children = (
				C0E784CA1BB49A9900AE49DF /* TVscope.app */,
			);
			name = Products;
			sourceTree = "<group>";
		};
		C0E784CC1BB49A9900AE49DF /* TVscope */ = {
			isa = PBXGroup;
			children = (
				C0E784D01BB49A9900AE49DF /* AppDelegate.h */,
				C0E784D11BB49A9900AE49DF /* AppDelegate.m */,
				C0E784D31BB49A9900AE49DF /* FirstViewController.h */,
				C0E784D41BB49A9900AE49DF /* FirstViewController.m */,
				C0E784D61BB49A9900AE49DF /* SecondViewController.h */,
				C0E784D71BB49A9900AE49DF /* SecondViewController.m */,
				C0E784D91BB49A9900AE49DF /* Main.storyboard */,
				C0E784DC1BB49A9900AE49DF /* Assets.xcassets */,
				C0E784DE1BB49A9900AE49DF /* LaunchScreen.storyboard */,
				C0E784E11BB49A9900AE49DF /* Info.plist */,
				C0E784CD1BB49A9900AE49DF /* Supporting Files */,
			);
			path = TVscope;
			sourceTree = "<group>";
		};
		C0E784CD1BB49A9900AE49DF /* Supporting Files */ = {
			isa = PBXGroup;
			children = (
				C0E784CE1BB49A9900AE49DF /* main.m */,
			);
			name = "Supporting Files";
			sourceTree = "<group>";
		};
/* End PBXGroup section */

/* Begin PBXNativeTarget section */
		C0E784C91BB49A9900AE49DF /* TVscope */ = {
			isa = PBXNativeTarget;
			buildConfigurationList = C0E784E41BB49A9900AE49DF /* Build configuration list for PBXNativeTarget "TVscope" */;
			buildPhases = (
				C0E784C61BB49A9900AE49DF /* Sources */,
				C0E784C71BB49A9900AE49DF /* Frameworks */,
				C0E784C81BB49A9900AE49DF /* Resources */,
			);
			buildRules = (
			);
			dependencies = (
			);
			name = TVscope;
			productName = TVscope;
			productReference = C0E784CA1BB49A9900AE49DF /* TVscope.app */;
			productType = "com.apple.product-type.application";
		};
/* End PBXNativeTarget section */

/* Begin PBXProject section */
		C0E784C21BB49A9900AE49DF /* Project object */ = {
			isa = PBXProject;
			attributes = {
				LastUpgradeCheck = 0700;
				ORGANIZATIONNAME = "Atanas Bahchevanov";
				TargetAttributes = {
					C0E784C91BB49A9900AE49DF = {
						CreatedOnToolsVersion = 7.0;
					};
				};
			};
			buildConfigurationList = C0E784C51BB49A9900AE49DF /* Build configuration list for PBXProject "TVscope" */;
			compatibilityVersion = "Xcode 3.2";
			developmentRegion = English;
			hasScannedForEncodings = 0;
			knownRegions = (
				en,
				Base,
			);
			mainGroup = C0E784C11BB49A9900AE49DF;
			productRefGroup = C0E784CB1BB49A9900AE49DF /* Products */;
			projectDirPath = "";
			projectRoot = "";
			targets = (
				C0E784C91BB49A9900AE49DF /* TVscope */,
			);
		};
/* End PBXProject section */

/* Begin PBXResourcesBuildPhase section */
		C0E784C81BB49A9900AE49DF /* Resources */ = {
			isa = PBXResourcesBuildPhase;
			buildActionMask = 2147483647;
			files = (
				C0E784E01BB49A9900AE49DF /* LaunchScreen.storyboard in Resources */,
				C0E784DD1BB49A9900AE49DF /* Assets.xcassets in Resources */,
				C0E784DB1BB49A9900AE49DF /* Main.storyboard in Resources */,
			);
			runOnlyForDeploymentPostprocessing = 0;
		};
/* End PBXResourcesBuildPhase section */

/* Begin PBXSourcesBuildPhase section */
		C0E784C61BB49A9900AE49DF /* Sources */ = {
			isa = PBXSourcesBuildPhase;
			buildActionMask = 2147483647;
			files = (
				C0E784D81BB49A9900AE49DF /* SecondViewController.m in Sources */,
				C0E784D21BB49A9900AE49DF /* AppDelegate.m in Sources */,
				C0E784D51BB49A9900AE49DF /* FirstViewController.m in Sources */,
				C0E784CF1BB49A9900AE49DF /* main.m in Sources */,
			);
			runOnlyForDeploymentPostprocessing = 0;
		};
/* End PBXSourcesBuildPhase section */

/* Begin PBXVariantGroup section */
		C0E784D91BB49A9900AE49DF /* Main.storyboard */ = {
			isa = PBXVariantGroup;
			children = (
				C0E784DA1BB49A9900AE49DF /* Base */,
			);
			name = Main.storyboard;
			sourceTree = "<group>";
		};
		C0E784DE1BB49A9900AE49DF /* LaunchScreen.storyboard */ = {
			isa = PBXVariantGroup;
			children = (
				C0E784DF1BB49A9900AE49DF /* Base */,
			);
			name = LaunchScreen.storyboard;
			sourceTree = "<group>";
		};
/* End PBXVariantGroup section */

/* Begin XCBuildConfiguration section */
		C0E784E21BB49A9900AE49DF /* Debug */ = {
			isa = XCBuildConfiguration;
			buildSettings = {
				ALWAYS_SEARCH_USER_PATHS = NO;
				CLANG_CXX_LANGUAGE_STANDARD = "gnu++0x";
				CLANG_CXX_LIBRARY = "libc++";
				CLANG_ENABLE_MODULES = YES;
				CLANG_ENABLE_OBJC_ARC = YES;
				CLANG_WARN_BOOL_CONVERSION = YES;
				CLANG_WARN_CONSTANT_CONVERSION = YES;
				CLANG_WARN_DIRECT_OBJC_ISA_USAGE = YES_ERROR;
				CLANG_WARN_EMPTY_BODY = YES;
				CLANG_WARN_ENUM_CONVERSION = YES;
				CLANG_WARN_INT_CONVERSION = YES;
				CLANG_WARN_OBJC_ROOT_CLASS = YES_ERROR;
				CLANG_WARN_UNREACHABLE_CODE = YES;
				CLANG_WARN__DUPLICATE_METHOD_MATCH = YES;
				"CODE_SIGN_IDENTITY[sdk=iphoneos*]" = "iPhone Developer";
				COPY_PHASE_STRIP = NO;
				DEBUG_INFORMATION_FORMAT = dwarf;
				ENABLE_STRICT_OBJC_MSGSEND = YES;
				ENABLE_TESTABILITY = YES;
				GCC_C_LANGUAGE_STANDARD = gnu99;
				GCC_DYNAMIC_NO_PIC = NO;
				GCC_NO_COMMON_BLOCKS = YES;
				GCC_OPTIMIZATION_LEVEL = 0;
				GCC_PREPROCESSOR_DEFINITIONS = (
					"DEBUG=1",
					"$(inherited)",
				);
				GCC_WARN_64_TO_32_BIT_CONVERSION = YES;
				GCC_WARN_ABOUT_RETURN_TYPE = YES_ERROR;
				GCC_WARN_UNDECLARED_SELECTOR = YES;
				GCC_WARN_UNINITIALIZED_AUTOS = YES_AGGRESSIVE;
				GCC_WARN_UNUSED_FUNCTION = YES;
				GCC_WARN_UNUSED_VARIABLE = YES;
				IPHONEOS_DEPLOYMENT_TARGET = 9.0;
				MTL_ENABLE_DEBUG_INFO = YES;
				ONLY_ACTIVE_ARCH = YES;
				SDKROOT = iphoneos;
			};
			name = Debug;
		};
		C0E784E31BB49A9900AE49DF /* Release */ = {
			isa = XCBuildConfiguration;
			buildSettings = {
				ALWAYS_SEARCH_USER_PATHS = NO;
				CLANG_CXX_LANGUAGE_STANDARD = "gnu++0x";
				CLANG_CXX_LIBRARY = "libc++";
				CLANG_ENABLE_MODULES = YES;
				CLANG_ENABLE_OBJC_ARC = YES;
				CLANG_WARN_BOOL_CONVERSION = YES;
				CLANG_WARN_CONSTANT_CONVERSION = YES;
				CLANG_WARN_DIRECT_OBJC_ISA_USAGE = YES_ERROR;
				CLANG_WARN_EMPTY_BODY = YES;
				CLANG_WARN_ENUM_CONVERSION = YES;
				CLANG_WARN_INT_CONVERSION = YES;
				CLANG_WARN_OBJC_ROOT_CLASS = YES_ERROR;
				CLANG_WARN_UNREACHABLE_CODE = YES;
				CLANG_WARN__DUPLICATE_METHOD_MATCH = YES;
				"CODE_SIGN_IDENTITY[sdk=iphoneos*]" = "iPhone Developer";
				COPY_PHASE_STRIP = NO;
				DEBUG_INFORMATION_FORMAT = "dwarf-with-dsym";
				ENABLE_NS_ASSERTIONS = NO;
				ENABLE_STRICT_OBJC_MSGSEND = YES;
				GCC_C_LANGUAGE_STANDARD = gnu99;
				GCC_NO_COMMON_BLOCKS = YES;
				GCC_WARN_64_TO_32_BIT_CONVERSION = YES;
				GCC_WARN_ABOUT_RETURN_TYPE = YES_ERROR;
				GCC_WARN_UNDECLARED_SELECTOR = YES;
				GCC_WARN_UNINITIALIZED_AUTOS = YES_AGGRESSIVE;
				GCC_WARN_UNUSED_FUNCTION = YES;
				GCC_WARN_UNUSED_VARIABLE = YES;
				IPHONEOS_DEPLOYMENT_TARGET = 9.0;
				MTL_ENABLE_DEBUG_INFO = NO;
				SDKROOT = iphoneos;
				VALIDATE_PRODUCT = YES;
			};
			name = Release;
		};
		C0E784E51BB49A9900AE49DF /* Debug */ = {
			isa = XCBuildConfiguration;
			buildSettings = {
				ASSETCATALOG_COMPILER_APPICON_NAME = AppIcon;
				INFOPLIST_FILE = TVscope/Info.plist;
				LD_RUNPATH_SEARCH_PATHS = "$(inherited) @executable_path/Frameworks";
				PRODUCT_BUNDLE_IDENTIFIER = com.TVscope;
				PRODUCT_NAME = "$(TARGET_NAME)";
			};
			name = Debug;
		};
		C0E784E61BB49A9900AE49DF /* Release */ = {
			isa = XCBuildConfiguration;
			buildSettings = {
				ASSETCATALOG_COMPILER_APPICON_NAME = AppIcon;
				INFOPLIST_FILE = TVscope/Info.plist;
				LD_RUNPATH_SEARCH_PATHS = "$(inherited) @executable_path/Frameworks";
				PRODUCT_BUNDLE_IDENTIFIER = com.TVscope;
				PRODUCT_NAME = "$(TARGET_NAME)";
			};
			name = Release;
		};
/* End XCBuildConfiguration section */

/* Begin XCConfigurationList section */
		C0E784C51BB49A9900AE49DF /* Build configuration list for PBXProject "TVscope" */ = {
			isa = XCConfigurationList;
			buildConfigurations = (
				C0E784E21BB49A9900AE49DF /* Debug */,
				C0E784E31BB49A9900AE49DF /* Release */,
			);
			defaultConfigurationIsVisible = 0;
			defaultConfigurationName = Release;
		};
		C0E784E41BB49A9900AE49DF /* Build configuration list for PBXNativeTarget "TVscope" */ = {
			isa = XCConfigurationList;
			buildConfigurations = (
				C0E784E51BB49A9900AE49DF /* Debug */,
				C0E784E61BB49A9900AE49DF /* Release */,
			);
			defaultConfigurationIsVisible = 0;
		};
/* End XCConfigurationList section */
	};
	rootObject = C0E784C21BB49A9900AE49DF /* Project object */;
}
